# zombie.ui.Clock
package: zombie.ui
type: class
name: Clock
extends: UIElement
modifiers:
  - public
  - final
fields:
  - name: digital
    modifiers:
      - public
    return:
      type: boolean
  - name: instance
    modifiers:
      - public
      - static
    return:
      type: Clock
  - name: isAlarmRinging
    modifiers:
      - public
    return:
      type: boolean
  - name: isAlarmSet
    modifiers:
      - public
    return:
      type: boolean
constructors:
  - name: Clock
    modifiers:
      - public
    parameters:
      - name: x
        type: int
      - name: y
        type: int
methods:
  - name: isDateVisible
    modifiers:
      - public
    return:
      type: boolean
  - name: onMouseDown
    modifiers:
      - public
    return:
      type: Boolean
    parameters:
      - name: x
        type: double
      - name: y
        type: double
  - name: render
    modifiers:
      - public
    return:
      type: void
  - name: resize
    modifiers:
      - public
    return:
      type: void
