# zombie.scripting.ScriptParser.Block
package: zombie.scripting
type: class
name: ScriptParser.Block
extends: Object
modifiers:
  - public
  - static
fields:
  - name: children
    modifiers:
      - public
      - final
    return:
      type: ArrayList
      generic: ArrayList<ScriptParser.Block>
  - name: elements
    modifiers:
      - public
      - final
    return:
      type: ArrayList
      generic: ArrayList<ScriptParser.BlockElement>
  - name: id
    modifiers:
      - public
    return:
      type: String
  - name: type
    modifiers:
      - public
    return:
      type: String
  - name: values
    modifiers:
      - public
      - final
    return:
      type: ArrayList
      generic: ArrayList<ScriptParser.Value>
constructors:
  - name: Block
    modifiers:
      - public
methods:
  - name: addBlock
    modifiers:
      - public
    return:
      type: ScriptParser.Block
    parameters:
      - name: type
        type: String
  - name: addValue
    modifiers:
      - public
    return:
      type: ScriptParser.Value
    parameters:
      - name: key
        type: String
  - name: asBlock
    modifiers:
      - public
    return:
      type: ScriptParser.Block
  - name: asValue
    modifiers:
      - public
    return:
      type: ScriptParser.Value
  - name: getBlock
    modifiers:
      - public
    return:
      type: ScriptParser.Block
    parameters:
      - name: type
        type: String
  - name: getValue
    modifiers:
      - public
    return:
      type: ScriptParser.Value
  - name: isEmpty
    modifiers:
      - public
    return:
      type: boolean
  - name: moveValueAfter
    modifiers:
      - public
    return:
      type: void
    parameters:
      - name: keyMove
        type: String
  - name: prettyPrint
    modifiers:
      - public
    return:
      type: void
    parameters:
      - name: indent
        type: int
      - name: sb
        type: " StringBuilder"
  - name: prettyPrintElements
    modifiers:
      - public
    return:
      type: void
    parameters:
      - name: indent
        type: int
      - name: sb
        type: " StringBuilder"
  - name: setValue
    modifiers:
      - public
    return:
      type: void
    parameters:
      - name: key
        type: String
